
Microsoft Visual Studio Solution File, Format Version 12.00
# Visual Studio Version 16
VisualStudioVersion = 16.0.29424.173
MinimumVisualStudioVersion = 10.0.40219.1
Project("{FAE04EC0-301F-11D3-BF4B-00C04F79EFBC}") = "Probba1", "Probba1\Probba1.csproj", "{CAB42BEB-7FF7-4141-A637-9C881EC15223}"
EndProject
Project("{FAE04EC0-301F-11D3-BF4B-00C04F79EFBC}") = "Test", "Test\Test.csproj", "{DFC86663-1B9D-4944-B843-A224C322BF9E}"
EndProject
Global
	GlobalSection(SolutionConfigurationPlatforms) = preSolution
		Debug|Any CPU = Debug|Any CPU
		Release|Any CPU = Release|Any CPU
	EndGlobalSection
	GlobalSection(ProjectConfigurationPlatforms) = postSolution
		{CAB42BEB-7FF7-4141-A637-9C881EC15223}.Debug|Any CPU.ActiveCfg = Debug|Any CPU
		{CAB42BEB-7FF7-4141-A637-9C881EC15223}.Debug|Any CPU.Build.0 = Debug|Any CPU
		{CAB42BEB-7FF7-4141-A637-9C881EC15223}.Release|Any CPU.ActiveCfg = Release|Any CPU
		{CAB42BEB-7FF7-4141-A637-9C881EC15223}.Release|Any CPU.Build.0 = Release|Any CPU
		{DFC86663-1B9D-4944-B843-A224C322BF9E}.Debug|Any CPU.ActiveCfg = Debug|Any CPU
		{DFC86663-1B9D-4944-B843-A224C322BF9E}.Debug|Any CPU.Build.0 = Debug|Any CPU
		{DFC86663-1B9D-4944-B843-A224C322BF9E}.Release|Any CPU.ActiveCfg = Release|Any CPU
		{DFC86663-1B9D-4944-B843-A224C322BF9E}.Release|Any CPU.Build.0 = Release|Any CPU
	EndGlobalSection
	GlobalSection(SolutionProperties) = preSolution
		HideSolutionNode = FALSE
	EndGlobalSection
	GlobalSection(ExtensibilityGlobals) = postSolution
		SolutionGuid = {A299A98F-75AF-428D-9542-8195990AB279}
	EndGlobalSection
EndGlobal
