
Microsoft Visual Studio Solution File, Format Version 12.00
# Visual Studio Version 16
VisualStudioVersion = 16.0.29424.173
MinimumVisualStudioVersion = 10.0.40219.1
Project("{FAE04EC0-301F-11D3-BF4B-00C04F79EFBC}") = "Primer", "Primer\Primer.csproj", "{A0D9243E-168A-49D8-A9A4-5215B444CD97}"
EndProject
Global
	GlobalSection(SolutionConfigurationPlatforms) = preSolution
		Debug|Any CPU = Debug|Any CPU
		Release|Any CPU = Release|Any CPU
	EndGlobalSection
	GlobalSection(ProjectConfigurationPlatforms) = postSolution
		{A0D9243E-168A-49D8-A9A4-5215B444CD97}.Debug|Any CPU.ActiveCfg = Debug|Any CPU
		{A0D9243E-168A-49D8-A9A4-5215B444CD97}.Debug|Any CPU.Build.0 = Debug|Any CPU
		{A0D9243E-168A-49D8-A9A4-5215B444CD97}.Release|Any CPU.ActiveCfg = Release|Any CPU
		{A0D9243E-168A-49D8-A9A4-5215B444CD97}.Release|Any CPU.Build.0 = Release|Any CPU
	EndGlobalSection
	GlobalSection(SolutionProperties) = preSolution
		HideSolutionNode = FALSE
	EndGlobalSection
	GlobalSection(ExtensibilityGlobals) = postSolution
		SolutionGuid = {97C89B17-6A57-412D-B170-BD7A431C88E1}
	EndGlobalSection
EndGlobal
