
Microsoft Visual Studio Solution File, Format Version 12.00
# Visual Studio Version 16
VisualStudioVersion = 16.0.29424.173
MinimumVisualStudioVersion = 10.0.40219.1
Project("{FAE04EC0-301F-11D3-BF4B-00C04F79EFBC}") = "NewProject", "NewProject\NewProject.csproj", "{C08177AE-325C-470F-9B4B-07B710193795}"
EndProject
Global
	GlobalSection(SolutionConfigurationPlatforms) = preSolution
		Debug|Any CPU = Debug|Any CPU
		Release|Any CPU = Release|Any CPU
	EndGlobalSection
	GlobalSection(ProjectConfigurationPlatforms) = postSolution
		{C08177AE-325C-470F-9B4B-07B710193795}.Debug|Any CPU.ActiveCfg = Debug|Any CPU
		{C08177AE-325C-470F-9B4B-07B710193795}.Debug|Any CPU.Build.0 = Debug|Any CPU
		{C08177AE-325C-470F-9B4B-07B710193795}.Release|Any CPU.ActiveCfg = Release|Any CPU
		{C08177AE-325C-470F-9B4B-07B710193795}.Release|Any CPU.Build.0 = Release|Any CPU
	EndGlobalSection
	GlobalSection(SolutionProperties) = preSolution
		HideSolutionNode = FALSE
	EndGlobalSection
	GlobalSection(ExtensibilityGlobals) = postSolution
		SolutionGuid = {6EFDAC3C-4E88-4933-9848-F834E205ECA6}
	EndGlobalSection
EndGlobal
